# THIS IS AN AUTOGENERATED FILE. DO NOT EDIT THIS FILE DIRECTLY.
# yarn lockfile v1


wasmc@^2.2.0:
  version "2.2.0"
  resolved "https://registry.yarnpkg.com/wasmc/-/wasmc-2.2.0.tgz#a5ad9fa365ed1a7c7953286d4d88dd370696ae7c"
  integrity sha512-Pp2B42WuhL7JjslKDlGbpoV8WYpGAz0ct1XYTQWIN99cVsj7nfEuhD/jKwivLJHOFSOzMZZqvQH4m5BPQmTmCg==
